// !$*UTF8*$!
{
	archiveVersion = 1;
	classes = {
	};
	objectVersion = 46;
	objects = {

/* Begin PBXBuildFile section */
		6059BEEE1C87DD87000B0819 /* UIKit.framework in Frameworks */ = {isa = PBXBuildFile; fileRef = 6059BEED1C87DD87000B0819 /* UIKit.framework */; };
		6059BEF01C8BE15B000B0819 /* click.wav in Resources */ = {isa = PBXBuildFile; fileRef = 6059BEEF1C8BE15B000B0819 /* click.wav */; };
		6059BEF21C8BE1DB000B0819 /* AVFoundation.framework in Frameworks */ = {isa = PBXBuildFile; fileRef = 6059BEF11C8BE1DB000B0819 /* AVFoundation.framework */; };
		6059BEF41C8BE1E2000B0819 /* AudioToolbox.framework in Frameworks */ = {isa = PBXBuildFile; fileRef = 6059BEF31C8BE1E2000B0819 /* AudioToolbox.framework */; };
		6059BEFA1C8CCB56000B0819 /* Bolts.framework in Frameworks */ = {isa = PBXBuildFile; fileRef = 6059BEF81C8CCB56000B0819 /* Bolts.framework */; };
		6059BEFB1C8CCB56000B0819 /* Bolts.framework in Embed Frameworks */ = {isa = PBXBuildFile; fileRef = 6059BEF81C8CCB56000B0819 /* Bolts.framework */; settings = {ATTRIBUTES = (CodeSignOnCopy, RemoveHeadersOnCopy, ); }; };
		6059BEFC1C8CCB56000B0819 /* Parse.framework in Frameworks */ = {isa = PBXBuildFile; fileRef = 6059BEF91C8CCB56000B0819 /* Parse.framework */; };
		6059BEFD1C8CCB56000B0819 /* Parse.framework in Embed Frameworks */ = {isa = PBXBuildFile; fileRef = 6059BEF91C8CCB56000B0819 /* Parse.framework */; settings = {ATTRIBUTES = (CodeSignOnCopy, RemoveHeadersOnCopy, ); }; };
		6059BF011C8CCD9F000B0819 /* CFNetwork.framework in Frameworks */ = {isa = PBXBuildFile; fileRef = 6059BF001C8CCD9F000B0819 /* CFNetwork.framework */; };
		6059BF031C8CCDBE000B0819 /* CoreGraphics.framework in Frameworks */ = {isa = PBXBuildFile; fileRef = 6059BF021C8CCDBE000B0819 /* CoreGraphics.framework */; };
		6059BF051C8CCDDF000B0819 /* CoreLocation.framework in Frameworks */ = {isa = PBXBuildFile; fileRef = 6059BF041C8CCDDF000B0819 /* CoreLocation.framework */; };
		6059BF071C8CCE03000B0819 /* StoreKit.framework in Frameworks */ = {isa = PBXBuildFile; fileRef = 6059BF061C8CCE03000B0819 /* StoreKit.framework */; };
		6059BF091C8CCE22000B0819 /* Security.framework in Frameworks */ = {isa = PBXBuildFile; fileRef = 6059BF081C8CCE22000B0819 /* Security.framework */; };
		6059BF0B1C8CCE44000B0819 /* QuartzCore.framework in Frameworks */ = {isa = PBXBuildFile; fileRef = 6059BF0A1C8CCE44000B0819 /* QuartzCore.framework */; };
		6059BF0D1C8CCE68000B0819 /* MobileCoreServices.framework in Frameworks */ = {isa = PBXBuildFile; fileRef = 6059BF0C1C8CCE68000B0819 /* MobileCoreServices.framework */; };
		6059BF0F1C8CCE85000B0819 /* SystemConfiguration.framework in Frameworks */ = {isa = PBXBuildFile; fileRef = 6059BF0E1C8CCE85000B0819 /* SystemConfiguration.framework */; };
		6059BF111C8CCEB7000B0819 /* libsqlite3.dylib in Frameworks */ = {isa = PBXBuildFile; fileRef = 6059BF101C8CCEB7000B0819 /* libsqlite3.dylib */; };
		6059BF131C8CCECD000B0819 /* libz.dylib in Frameworks */ = {isa = PBXBuildFile; fileRef = 6059BF121C8CCECD000B0819 /* libz.dylib */; };
		6059BF181C8CCF69000B0819 /* Reachability.m in Sources */ = {isa = PBXBuildFile; fileRef = 6059BF171C8CCF69000B0819 /* Reachability.m */; };
		6059BF1B1C937522000B0819 /* TagCell.m in Sources */ = {isa = PBXBuildFile; fileRef = 6059BF1A1C937522000B0819 /* TagCell.m */; };
		6059BF1E1C9381C3000B0819 /* DelButton.m in Sources */ = {isa = PBXBuildFile; fileRef = 6059BF1D1C9381C3000B0819 /* DelButton.m */; };
		6059BF211C93B0D2000B0819 /* SimpleCell.m in Sources */ = {isa = PBXBuildFile; fileRef = 6059BF201C93B0D2000B0819 /* SimpleCell.m */; };
		6059BF241C93B316000B0819 /* HistoryCell.m in Sources */ = {isa = PBXBuildFile; fileRef = 6059BF231C93B316000B0819 /* HistoryCell.m */; };
		605EBC951C7FF4F200892640 /* NewViewController.m in Sources */ = {isa = PBXBuildFile; fileRef = 605EBC941C7FF4F200892640 /* NewViewController.m */; };
		608C02041C79077200159E53 /* main.m in Sources */ = {isa = PBXBuildFile; fileRef = 608C02031C79077200159E53 /* main.m */; };
		608C02071C79077200159E53 /* AppDelegate.m in Sources */ = {isa = PBXBuildFile; fileRef = 608C02061C79077200159E53 /* AppDelegate.m */; };
		608C020A1C79077200159E53 /* ViewController.m in Sources */ = {isa = PBXBuildFile; fileRef = 608C02091C79077200159E53 /* ViewController.m */; };
		608C020D1C79077200159E53 /* Main.storyboard in Resources */ = {isa = PBXBuildFile; fileRef = 608C020B1C79077200159E53 /* Main.storyboard */; };
		608C02121C79077200159E53 /* LaunchScreen.xib in Resources */ = {isa = PBXBuildFile; fileRef = 608C02101C79077200159E53 /* LaunchScreen.xib */; };
		608C021E1C79077200159E53 /* WoodshedTests.m in Sources */ = {isa = PBXBuildFile; fileRef = 608C021D1C79077200159E53 /* WoodshedTests.m */; };
		608C022C1C79093A00159E53 /* HistoryViewController.m in Sources */ = {isa = PBXBuildFile; fileRef = 608C022B1C79093A00159E53 /* HistoryViewController.m */; };
		608C022F1C79094900159E53 /* SettingsViewController.m in Sources */ = {isa = PBXBuildFile; fileRef = 608C022E1C79094900159E53 /* SettingsViewController.m */; };
		608C02321C790C8F00159E53 /* SettingsContentController.m in Sources */ = {isa = PBXBuildFile; fileRef = 608C02311C790C8F00159E53 /* SettingsContentController.m */; };
		608C023C1C7911A800159E53 /* Images.xcassets in Resources */ = {isa = PBXBuildFile; fileRef = 608C023B1C7911A800159E53 /* Images.xcassets */; };
		608C02421C79550F00159E53 /* PracticeContentViewController.m in Sources */ = {isa = PBXBuildFile; fileRef = 608C02411C79550F00159E53 /* PracticeContentViewController.m */; };
		608C02451C7955A300159E53 /* PracticeViewController.m in Sources */ = {isa = PBXBuildFile; fileRef = 608C02441C7955A300159E53 /* PracticeViewController.m */; };
		608C02481C7A230800159E53 /* DataStore.m in Sources */ = {isa = PBXBuildFile; fileRef = 608C02471C7A230800159E53 /* DataStore.m */; };
		608C024B1C7AD2CC00159E53 /* HistoryContentViewController.m in Sources */ = {isa = PBXBuildFile; fileRef = 608C024A1C7AD2CC00159E53 /* HistoryContentViewController.m */; };
/* End PBXBuildFile section */

/* Begin PBXContainerItemProxy section */
		608C02181C79077200159E53 /* PBXContainerItemProxy */ = {
			isa = PBXContainerItemProxy;
			containerPortal = 608C01F61C79077200159E53 /* Project object */;
			proxyType = 1;
			remoteGlobalIDString = 608C01FD1C79077200159E53;
			remoteInfo = Woodshed;
		};
/* End PBXContainerItemProxy section */

/* Begin PBXCopyFilesBuildPhase section */
		6059BEFE1C8CCB57000B0819 /* Embed Frameworks */ = {
			isa = PBXCopyFilesBuildPhase;
			buildActionMask = 2147483647;
			dstPath = "";
			dstSubfolderSpec = 10;
			files = (
				6059BEFD1C8CCB56000B0819 /* Parse.framework in Embed Frameworks */,
				6059BEFB1C8CCB56000B0819 /* Bolts.framework in Embed Frameworks */,
			);
			name = "Embed Frameworks";
			runOnlyForDeploymentPostprocessing = 0;
		};
/* End PBXCopyFilesBuildPhase section */

/* Begin PBXFileReference section */
		6059BEED1C87DD87000B0819 /* UIKit.framework */ = {isa = PBXFileReference; lastKnownFileType = wrapper.framework; name = UIKit.framework; path = System/Library/Frameworks/UIKit.framework; sourceTree = SDKROOT; };
		6059BEEF1C8BE15B000B0819 /* click.wav */ = {isa = PBXFileReference; lastKnownFileType = audio.wav; name = click.wav; path = "../../../../IPY/Final Sounds/click.wav"; sourceTree = "<group>"; };
		6059BEF11C8BE1DB000B0819 /* AVFoundation.framework */ = {isa = PBXFileReference; lastKnownFileType = wrapper.framework; name = AVFoundation.framework; path = System/Library/Frameworks/AVFoundation.framework; sourceTree = SDKROOT; };
		6059BEF31C8BE1E2000B0819 /* AudioToolbox.framework */ = {isa = PBXFileReference; lastKnownFileType = wrapper.framework; name = AudioToolbox.framework; path = System/Library/Frameworks/AudioToolbox.framework; sourceTree = SDKROOT; };
		6059BEF81C8CCB56000B0819 /* Bolts.framework */ = {isa = PBXFileReference; lastKnownFileType = wrapper.framework; path = Bolts.framework; sourceTree = "<group>"; };
		6059BEF91C8CCB56000B0819 /* Parse.framework */ = {isa = PBXFileReference; lastKnownFileType = wrapper.framework; path = Parse.framework; sourceTree = "<group>"; };
		6059BF001C8CCD9F000B0819 /* CFNetwork.framework */ = {isa = PBXFileReference; lastKnownFileType = wrapper.framework; name = CFNetwork.framework; path = System/Library/Frameworks/CFNetwork.framework; sourceTree = SDKROOT; };
		6059BF021C8CCDBE000B0819 /* CoreGraphics.framework */ = {isa = PBXFileReference; lastKnownFileType = wrapper.framework; name = CoreGraphics.framework; path = System/Library/Frameworks/CoreGraphics.framework; sourceTree = SDKROOT; };
		6059BF041C8CCDDF000B0819 /* CoreLocation.framework */ = {isa = PBXFileReference; lastKnownFileType = wrapper.framework; name = CoreLocation.framework; path = System/Library/Frameworks/CoreLocation.framework; sourceTree = SDKROOT; };
		6059BF061C8CCE03000B0819 /* StoreKit.framework */ = {isa = PBXFileReference; lastKnownFileType = wrapper.framework; name = StoreKit.framework; path = System/Library/Frameworks/StoreKit.framework; sourceTree = SDKROOT; };
		6059BF081C8CCE22000B0819 /* Security.framework */ = {isa = PBXFileReference; lastKnownFileType = wrapper.framework; name = Security.framework; path = System/Library/Frameworks/Security.framework; sourceTree = SDKROOT; };
		6059BF0A1C8CCE44000B0819 /* QuartzCore.framework */ = {isa = PBXFileReference; lastKnownFileType = wrapper.framework; name = QuartzCore.framework; path = System/Library/Frameworks/QuartzCore.framework; sourceTree = SDKROOT; };
		6059BF0C1C8CCE68000B0819 /* MobileCoreServices.framework */ = {isa = PBXFileReference; lastKnownFileType = wrapper.framework; name = MobileCoreServices.framework; path = System/Library/Frameworks/MobileCoreServices.framework; sourceTree = SDKROOT; };
		6059BF0E1C8CCE85000B0819 /* SystemConfiguration.framework */ = {isa = PBXFileReference; lastKnownFileType = wrapper.framework; name = SystemConfiguration.framework; path = System/Library/Frameworks/SystemConfiguration.framework; sourceTree = SDKROOT; };
		6059BF101C8CCEB7000B0819 /* libsqlite3.dylib */ = {isa = PBXFileReference; lastKnownFileType = "compiled.mach-o.dylib"; name = libsqlite3.dylib; path = usr/lib/libsqlite3.dylib; sourceTree = SDKROOT; };
		6059BF121C8CCECD000B0819 /* libz.dylib */ = {isa = PBXFileReference; lastKnownFileType = "compiled.mach-o.dylib"; name = libz.dylib; path = usr/lib/libz.dylib; sourceTree = SDKROOT; };
		6059BF161C8CCF34000B0819 /* Reachability.h */ = {isa = PBXFileReference; fileEncoding = 4; lastKnownFileType = sourcecode.c.h; path = Reachability.h; sourceTree = "<group>"; };
		6059BF171C8CCF69000B0819 /* Reachability.m */ = {isa = PBXFileReference; fileEncoding = 4; lastKnownFileType = sourcecode.c.objc; path = Reachability.m; sourceTree = "<group>"; };
		6059BF191C937522000B0819 /* TagCell.h */ = {isa = PBXFileReference; fileEncoding = 4; lastKnownFileType = sourcecode.c.h; path = TagCell.h; sourceTree = "<group>"; };
		6059BF1A1C937522000B0819 /* TagCell.m */ = {isa = PBXFileReference; fileEncoding = 4; lastKnownFileType = sourcecode.c.objc; path = TagCell.m; sourceTree = "<group>"; };
		6059BF1C1C9381C3000B0819 /* DelButton.h */ = {isa = PBXFileReference; fileEncoding = 4; lastKnownFileType = sourcecode.c.h; path = DelButton.h; sourceTree = "<group>"; };
		6059BF1D1C9381C3000B0819 /* DelButton.m */ = {isa = PBXFileReference; fileEncoding = 4; lastKnownFileType = sourcecode.c.objc; path = DelButton.m; sourceTree = "<group>"; };
		6059BF1F1C93B0D2000B0819 /* SimpleCell.h */ = {isa = PBXFileReference; fileEncoding = 4; lastKnownFileType = sourcecode.c.h; path = SimpleCell.h; sourceTree = "<group>"; };
		6059BF201C93B0D2000B0819 /* SimpleCell.m */ = {isa = PBXFileReference; fileEncoding = 4; lastKnownFileType = sourcecode.c.objc; path = SimpleCell.m; sourceTree = "<group>"; };
		6059BF221C93B316000B0819 /* HistoryCell.h */ = {isa = PBXFileReference; fileEncoding = 4; lastKnownFileType = sourcecode.c.h; path = HistoryCell.h; sourceTree = "<group>"; };
		6059BF231C93B316000B0819 /* HistoryCell.m */ = {isa = PBXFileReference; fileEncoding = 4; lastKnownFileType = sourcecode.c.objc; path = HistoryCell.m; sourceTree = "<group>"; };
		605EBC931C7FF4F200892640 /* NewViewController.h */ = {isa = PBXFileReference; fileEncoding = 4; lastKnownFileType = sourcecode.c.h; path = NewViewController.h; sourceTree = "<group>"; };
		605EBC941C7FF4F200892640 /* NewViewController.m */ = {isa = PBXFileReference; fileEncoding = 4; lastKnownFileType = sourcecode.c.objc; path = NewViewController.m; sourceTree = "<group>"; };
		608C01FE1C79077200159E53 /* Woodshed.app */ = {isa = PBXFileReference; explicitFileType = wrapper.application; includeInIndex = 0; path = Woodshed.app; sourceTree = BUILT_PRODUCTS_DIR; };
		608C02021C79077200159E53 /* Info.plist */ = {isa = PBXFileReference; lastKnownFileType = text.plist.xml; path = Info.plist; sourceTree = "<group>"; };
		608C02031C79077200159E53 /* main.m */ = {isa = PBXFileReference; lastKnownFileType = sourcecode.c.objc; path = main.m; sourceTree = "<group>"; };
		608C02051C79077200159E53 /* AppDelegate.h */ = {isa = PBXFileReference; lastKnownFileType = sourcecode.c.h; path = AppDelegate.h; sourceTree = "<group>"; };
		608C02061C79077200159E53 /* AppDelegate.m */ = {isa = PBXFileReference; lastKnownFileType = sourcecode.c.objc; path = AppDelegate.m; sourceTree = "<group>"; };
		608C02081C79077200159E53 /* ViewController.h */ = {isa = PBXFileReference; lastKnownFileType = sourcecode.c.h; path = ViewController.h; sourceTree = "<group>"; };
		608C02091C79077200159E53 /* ViewController.m */ = {isa = PBXFileReference; lastKnownFileType = sourcecode.c.objc; path = ViewController.m; sourceTree = "<group>"; };
		608C020C1C79077200159E53 /* Base */ = {isa = PBXFileReference; lastKnownFileType = file.storyboard; name = Base; path = Base.lproj/Main.storyboard; sourceTree = "<group>"; };
		608C02111C79077200159E53 /* Base */ = {isa = PBXFileReference; lastKnownFileType = file.xib; name = Base; path = Base.lproj/LaunchScreen.xib; sourceTree = "<group>"; };
		608C02171C79077200159E53 /* WoodshedTests.xctest */ = {isa = PBXFileReference; explicitFileType = wrapper.cfbundle; includeInIndex = 0; path = WoodshedTests.xctest; sourceTree = BUILT_PRODUCTS_DIR; };
		608C021C1C79077200159E53 /* Info.plist */ = {isa = PBXFileReference; lastKnownFileType = text.plist.xml; path = Info.plist; sourceTree = "<group>"; };
		608C021D1C79077200159E53 /* WoodshedTests.m */ = {isa = PBXFileReference; lastKnownFileType = sourcecode.c.objc; path = WoodshedTests.m; sourceTree = "<group>"; };
		608C022A1C79093A00159E53 /* HistoryViewController.h */ = {isa = PBXFileReference; fileEncoding = 4; lastKnownFileType = sourcecode.c.h; path = HistoryViewController.h; sourceTree = "<group>"; };
		608C022B1C79093A00159E53 /* HistoryViewController.m */ = {isa = PBXFileReference; fileEncoding = 4; lastKnownFileType = sourcecode.c.objc; path = HistoryViewController.m; sourceTree = "<group>"; };
		608C022D1C79094900159E53 /* SettingsViewController.h */ = {isa = PBXFileReference; fileEncoding = 4; lastKnownFileType = sourcecode.c.h; path = SettingsViewController.h; sourceTree = "<group>"; };
		608C022E1C79094900159E53 /* SettingsViewController.m */ = {isa = PBXFileReference; fileEncoding = 4; lastKnownFileType = sourcecode.c.objc; path = SettingsViewController.m; sourceTree = "<group>"; };
		608C02301C790C8F00159E53 /* SettingsContentController.h */ = {isa = PBXFileReference; fileEncoding = 4; lastKnownFileType = sourcecode.c.h; path = SettingsContentController.h; sourceTree = "<group>"; };
		608C02311C790C8F00159E53 /* SettingsContentController.m */ = {isa = PBXFileReference; fileEncoding = 4; lastKnownFileType = sourcecode.c.objc; path = SettingsContentController.m; sourceTree = "<group>"; };
		608C023B1C7911A800159E53 /* Images.xcassets */ = {isa = PBXFileReference; lastKnownFileType = folder.assetcatalog; path = Images.xcassets; sourceTree = "<group>"; };
		608C02401C79550F00159E53 /* PracticeContentViewController.h */ = {isa = PBXFileReference; fileEncoding = 4; lastKnownFileType = sourcecode.c.h; path = PracticeContentViewController.h; sourceTree = "<group>"; };
		608C02411C79550F00159E53 /* PracticeContentViewController.m */ = {isa = PBXFileReference; fileEncoding = 4; lastKnownFileType = sourcecode.c.objc; path = PracticeContentViewController.m; sourceTree = "<group>"; };
		608C02431C7955A300159E53 /* PracticeViewController.h */ = {isa = PBXFileReference; fileEncoding = 4; lastKnownFileType = sourcecode.c.h; path = PracticeViewController.h; sourceTree = "<group>"; };
		608C02441C7955A300159E53 /* PracticeViewController.m */ = {isa = PBXFileReference; fileEncoding = 4; lastKnownFileType = sourcecode.c.objc; path = PracticeViewController.m; sourceTree = "<group>"; };
		608C02461C7A230800159E53 /* DataStore.h */ = {isa = PBXFileReference; fileEncoding = 4; lastKnownFileType = sourcecode.c.h; path = DataStore.h; sourceTree = "<group>"; };
		608C02471C7A230800159E53 /* DataStore.m */ = {isa = PBXFileReference; fileEncoding = 4; lastKnownFileType = sourcecode.c.objc; path = DataStore.m; sourceTree = "<group>"; };
		608C02491C7AD2CC00159E53 /* HistoryContentViewController.h */ = {isa = PBXFileReference; fileEncoding = 4; lastKnownFileType = sourcecode.c.h; path = HistoryContentViewController.h; sourceTree = "<group>"; };
		608C024A1C7AD2CC00159E53 /* HistoryContentViewController.m */ = {isa = PBXFileReference; fileEncoding = 4; lastKnownFileType = sourcecode.c.objc; path = HistoryContentViewController.m; sourceTree = "<group>"; };
/* End PBXFileReference section */

/* Begin PBXFrameworksBuildPhase section */
		608C01FB1C79077200159E53 /* Frameworks */ = {
			isa = PBXFrameworksBuildPhase;
			buildActionMask = 2147483647;
			files = (
				6059BF131C8CCECD000B0819 /* libz.dylib in Frameworks */,
				6059BF111C8CCEB7000B0819 /* libsqlite3.dylib in Frameworks */,
				6059BF0F1C8CCE85000B0819 /* SystemConfiguration.framework in Frameworks */,
				6059BF0D1C8CCE68000B0819 /* MobileCoreServices.framework in Frameworks */,
				6059BF0B1C8CCE44000B0819 /* QuartzCore.framework in Frameworks */,
				6059BF091C8CCE22000B0819 /* Security.framework in Frameworks */,
				6059BF071C8CCE03000B0819 /* StoreKit.framework in Frameworks */,
				6059BF051C8CCDDF000B0819 /* CoreLocation.framework in Frameworks */,
				6059BF031C8CCDBE000B0819 /* CoreGraphics.framework in Frameworks */,
				6059BF011C8CCD9F000B0819 /* CFNetwork.framework in Frameworks */,
				6059BEF41C8BE1E2000B0819 /* AudioToolbox.framework in Frameworks */,
				6059BEF21C8BE1DB000B0819 /* AVFoundation.framework in Frameworks */,
				6059BEEE1C87DD87000B0819 /* UIKit.framework in Frameworks */,
				6059BEFA1C8CCB56000B0819 /* Bolts.framework in Frameworks */,
				6059BEFC1C8CCB56000B0819 /* Parse.framework in Frameworks */,
			);
			runOnlyForDeploymentPostprocessing = 0;
		};
		608C02141C79077200159E53 /* Frameworks */ = {
			isa = PBXFrameworksBuildPhase;
			buildActionMask = 2147483647;
			files = (
			);
			runOnlyForDeploymentPostprocessing = 0;
		};
/* End PBXFrameworksBuildPhase section */

/* Begin PBXGroup section */
		6059BEFF1C8CCC78000B0819 /* Frameworks */ = {
			isa = PBXGroup;
			children = (
				6059BF121C8CCECD000B0819 /* libz.dylib */,
				6059BF101C8CCEB7000B0819 /* libsqlite3.dylib */,
				6059BF0E1C8CCE85000B0819 /* SystemConfiguration.framework */,
				6059BF0C1C8CCE68000B0819 /* MobileCoreServices.framework */,
				6059BF0A1C8CCE44000B0819 /* QuartzCore.framework */,
				6059BF081C8CCE22000B0819 /* Security.framework */,
				6059BF061C8CCE03000B0819 /* StoreKit.framework */,
				6059BF041C8CCDDF000B0819 /* CoreLocation.framework */,
				6059BF021C8CCDBE000B0819 /* CoreGraphics.framework */,
				6059BF001C8CCD9F000B0819 /* CFNetwork.framework */,
				6059BEF81C8CCB56000B0819 /* Bolts.framework */,
				6059BEF91C8CCB56000B0819 /* Parse.framework */,
				6059BEF31C8BE1E2000B0819 /* AudioToolbox.framework */,
				6059BEF11C8BE1DB000B0819 /* AVFoundation.framework */,
				6059BEED1C87DD87000B0819 /* UIKit.framework */,
			);
			name = Frameworks;
			sourceTree = "<group>";
		};
		608C01F51C79077200159E53 = {
			isa = PBXGroup;
			children = (
				6059BEFF1C8CCC78000B0819 /* Frameworks */,
				608C02001C79077200159E53 /* Woodshed */,
				608C021A1C79077200159E53 /* WoodshedTests */,
				608C01FF1C79077200159E53 /* Products */,
			);
			sourceTree = "<group>";
		};
		608C01FF1C79077200159E53 /* Products */ = {
			isa = PBXGroup;
			children = (
				608C01FE1C79077200159E53 /* Woodshed.app */,
				608C02171C79077200159E53 /* WoodshedTests.xctest */,
			);
			name = Products;
			sourceTree = "<group>";
		};
		608C02001C79077200159E53 /* Woodshed */ = {
			isa = PBXGroup;
			children = (
				6059BF171C8CCF69000B0819 /* Reachability.m */,
				6059BF161C8CCF34000B0819 /* Reachability.h */,
				608C02051C79077200159E53 /* AppDelegate.h */,
				608C02061C79077200159E53 /* AppDelegate.m */,
				608C02081C79077200159E53 /* ViewController.h */,
				608C02091C79077200159E53 /* ViewController.m */,
				608C022A1C79093A00159E53 /* HistoryViewController.h */,
				608C022B1C79093A00159E53 /* HistoryViewController.m */,
				608C022D1C79094900159E53 /* SettingsViewController.h */,
				608C022E1C79094900159E53 /* SettingsViewController.m */,
				608C02301C790C8F00159E53 /* SettingsContentController.h */,
				608C02311C790C8F00159E53 /* SettingsContentController.m */,
				608C02101C79077200159E53 /* LaunchScreen.xib */,
				608C020B1C79077200159E53 /* Main.storyboard */,
				608C023B1C7911A800159E53 /* Images.xcassets */,
				608C02011C79077200159E53 /* Supporting Files */,
				608C02401C79550F00159E53 /* PracticeContentViewController.h */,
				608C02411C79550F00159E53 /* PracticeContentViewController.m */,
				608C02431C7955A300159E53 /* PracticeViewController.h */,
				608C02441C7955A300159E53 /* PracticeViewController.m */,
				608C02461C7A230800159E53 /* DataStore.h */,
				608C02471C7A230800159E53 /* DataStore.m */,
				608C02491C7AD2CC00159E53 /* HistoryContentViewController.h */,
				608C024A1C7AD2CC00159E53 /* HistoryContentViewController.m */,
				605EBC931C7FF4F200892640 /* NewViewController.h */,
				605EBC941C7FF4F200892640 /* NewViewController.m */,
				6059BF191C937522000B0819 /* TagCell.h */,
				6059BF1A1C937522000B0819 /* TagCell.m */,
				6059BF1C1C9381C3000B0819 /* DelButton.h */,
				6059BF1D1C9381C3000B0819 /* DelButton.m */,
				6059BF1F1C93B0D2000B0819 /* SimpleCell.h */,
				6059BF201C93B0D2000B0819 /* SimpleCell.m */,
				6059BF221C93B316000B0819 /* HistoryCell.h */,
				6059BF231C93B316000B0819 /* HistoryCell.m */,
			);
			path = Woodshed;
			sourceTree = "<group>";
		};
		608C02011C79077200159E53 /* Supporting Files */ = {
			isa = PBXGroup;
			children = (
				6059BEEF1C8BE15B000B0819 /* click.wav */,
				608C02021C79077200159E53 /* Info.plist */,
				608C02031C79077200159E53 /* main.m */,
			);
			name = "Supporting Files";
			sourceTree = "<group>";
		};
		608C021A1C79077200159E53 /* WoodshedTests */ = {
			isa = PBXGroup;
			children = (
				608C021D1C79077200159E53 /* WoodshedTests.m */,
				608C021B1C79077200159E53 /* Supporting Files */,
			);
			path = WoodshedTests;
			sourceTree = "<group>";
		};
		608C021B1C79077200159E53 /* Supporting Files */ = {
			isa = PBXGroup;
			children = (
				608C021C1C79077200159E53 /* Info.plist */,
			);
			name = "Supporting Files";
			sourceTree = "<group>";
		};
/* End PBXGroup section */

/* Begin PBXNativeTarget section */
		608C01FD1C79077200159E53 /* Woodshed */ = {
			isa = PBXNativeTarget;
			buildConfigurationList = 608C02211C79077200159E53 /* Build configuration list for PBXNativeTarget "Woodshed" */;
			buildPhases = (
				608C01FA1C79077200159E53 /* Sources */,
				608C01FB1C79077200159E53 /* Frameworks */,
				608C01FC1C79077200159E53 /* Resources */,
				6059BEFE1C8CCB57000B0819 /* Embed Frameworks */,
			);
			buildRules = (
			);
			dependencies = (
			);
			name = Woodshed;
			productName = Woodshed;
			productReference = 608C01FE1C79077200159E53 /* Woodshed.app */;
			productType = "com.apple.product-type.application";
		};
		608C02161C79077200159E53 /* WoodshedTests */ = {
			isa = PBXNativeTarget;
			buildConfigurationList = 608C02241C79077200159E53 /* Build configuration list for PBXNativeTarget "WoodshedTests" */;
			buildPhases = (
				608C02131C79077200159E53 /* Sources */,
				608C02141C79077200159E53 /* Frameworks */,
				608C02151C79077200159E53 /* Resources */,
			);
			buildRules = (
			);
			dependencies = (
				608C02191C79077200159E53 /* PBXTargetDependency */,
			);
			name = WoodshedTests;
			productName = WoodshedTests;
			productReference = 608C02171C79077200159E53 /* WoodshedTests.xctest */;
			productType = "com.apple.product-type.bundle.unit-test";
		};
/* End PBXNativeTarget section */

/* Begin PBXProject section */
		608C01F61C79077200159E53 /* Project object */ = {
			isa = PBXProject;
			attributes = {
				LastUpgradeCheck = 0630;
				ORGANIZATIONNAME = "Russell Gaspard";
				TargetAttributes = {
					608C01FD1C79077200159E53 = {
						CreatedOnToolsVersion = 6.3.1;
					};
					608C02161C79077200159E53 = {
						CreatedOnToolsVersion = 6.3.1;
						TestTargetID = 608C01FD1C79077200159E53;
					};
				};
			};
			buildConfigurationList = 608C01F91C79077200159E53 /* Build configuration list for PBXProject "Woodshed" */;
			compatibilityVersion = "Xcode 3.2";
			developmentRegion = English;
			hasScannedForEncodings = 0;
			knownRegions = (
				en,
				Base,
			);
			mainGroup = 608C01F51C79077200159E53;
			productRefGroup = 608C01FF1C79077200159E53 /* Products */;
			projectDirPath = "";
			projectRoot = "";
			targets = (
				608C01FD1C79077200159E53 /* Woodshed */,
				608C02161C79077200159E53 /* WoodshedTests */,
			);
		};
/* End PBXProject section */

/* Begin PBXResourcesBuildPhase section */
		608C01FC1C79077200159E53 /* Resources */ = {
			isa = PBXResourcesBuildPhase;
			buildActionMask = 2147483647;
			files = (
				608C023C1C7911A800159E53 /* Images.xcassets in Resources */,
				608C020D1C79077200159E53 /* Main.storyboard in Resources */,
				608C02121C79077200159E53 /* LaunchScreen.xib in Resources */,
				6059BEF01C8BE15B000B0819 /* click.wav in Resources */,
			);
			runOnlyForDeploymentPostprocessing = 0;
		};
		608C02151C79077200159E53 /* Resources */ = {
			isa = PBXResourcesBuildPhase;
			buildActionMask = 2147483647;
			files = (
			);
			runOnlyForDeploymentPostprocessing = 0;
		};
/* End PBXResourcesBuildPhase section */

/* Begin PBXSourcesBuildPhase section */
		608C01FA1C79077200159E53 /* Sources */ = {
			isa = PBXSourcesBuildPhase;
			buildActionMask = 2147483647;
			files = (
				608C020A1C79077200159E53 /* ViewController.m in Sources */,
				608C02071C79077200159E53 /* AppDelegate.m in Sources */,
				608C02451C7955A300159E53 /* PracticeViewController.m in Sources */,
				608C02421C79550F00159E53 /* PracticeContentViewController.m in Sources */,
				608C022F1C79094900159E53 /* SettingsViewController.m in Sources */,
				608C024B1C7AD2CC00159E53 /* HistoryContentViewController.m in Sources */,
				605EBC951C7FF4F200892640 /* NewViewController.m in Sources */,
				6059BF1E1C9381C3000B0819 /* DelButton.m in Sources */,
				608C022C1C79093A00159E53 /* HistoryViewController.m in Sources */,
				608C02041C79077200159E53 /* main.m in Sources */,
				6059BF241C93B316000B0819 /* HistoryCell.m in Sources */,
				608C02321C790C8F00159E53 /* SettingsContentController.m in Sources */,
				6059BF211C93B0D2000B0819 /* SimpleCell.m in Sources */,
				6059BF181C8CCF69000B0819 /* Reachability.m in Sources */,
				6059BF1B1C937522000B0819 /* TagCell.m in Sources */,
				608C02481C7A230800159E53 /* DataStore.m in Sources */,
			);
			runOnlyForDeploymentPostprocessing = 0;
		};
		608C02131C79077200159E53 /* Sources */ = {
			isa = PBXSourcesBuildPhase;
			buildActionMask = 2147483647;
			files = (
				608C021E1C79077200159E53 /* WoodshedTests.m in Sources */,
			);
			runOnlyForDeploymentPostprocessing = 0;
		};
/* End PBXSourcesBuildPhase section */

/* Begin PBXTargetDependency section */
		608C02191C79077200159E53 /* PBXTargetDependency */ = {
			isa = PBXTargetDependency;
			target = 608C01FD1C79077200159E53 /* Woodshed */;
			targetProxy = 608C02181C79077200159E53 /* PBXContainerItemProxy */;
		};
/* End PBXTargetDependency section */

/* Begin PBXVariantGroup section */
		608C020B1C79077200159E53 /* Main.storyboard */ = {
			isa = PBXVariantGroup;
			children = (
				608C020C1C79077200159E53 /* Base */,
			);
			name = Main.storyboard;
			sourceTree = "<group>";
		};
		608C02101C79077200159E53 /* LaunchScreen.xib */ = {
			isa = PBXVariantGroup;
			children = (
				608C02111C79077200159E53 /* Base */,
			);
			name = LaunchScreen.xib;
			sourceTree = "<group>";
		};
/* End PBXVariantGroup section */

/* Begin XCBuildConfiguration section */
		608C021F1C79077200159E53 /* Debug */ = {
			isa = XCBuildConfiguration;
			buildSettings = {
				ALWAYS_SEARCH_USER_PATHS = NO;
				CLANG_CXX_LANGUAGE_STANDARD = "gnu++0x";
				CLANG_CXX_LIBRARY = "libc++";
				CLANG_ENABLE_MODULES = YES;
				CLANG_ENABLE_OBJC_ARC = YES;
				CLANG_WARN_BOOL_CONVERSION = YES;
				CLANG_WARN_CONSTANT_CONVERSION = YES;
				CLANG_WARN_DIRECT_OBJC_ISA_USAGE = YES_ERROR;
				CLANG_WARN_EMPTY_BODY = YES;
				CLANG_WARN_ENUM_CONVERSION = YES;
				CLANG_WARN_INT_CONVERSION = YES;
				CLANG_WARN_OBJC_ROOT_CLASS = YES_ERROR;
				CLANG_WARN_UNREACHABLE_CODE = YES;
				CLANG_WARN__DUPLICATE_METHOD_MATCH = YES;
				"CODE_SIGN_IDENTITY[sdk=iphoneos*]" = "iPhone Developer";
				COPY_PHASE_STRIP = NO;
				DEBUG_INFORMATION_FORMAT = "dwarf-with-dsym";
				ENABLE_STRICT_OBJC_MSGSEND = YES;
				GCC_C_LANGUAGE_STANDARD = gnu99;
				GCC_DYNAMIC_NO_PIC = NO;
				GCC_NO_COMMON_BLOCKS = YES;
				GCC_OPTIMIZATION_LEVEL = 0;
				GCC_PREPROCESSOR_DEFINITIONS = (
					"DEBUG=1",
					"$(inherited)",
				);
				GCC_SYMBOLS_PRIVATE_EXTERN = NO;
				GCC_WARN_64_TO_32_BIT_CONVERSION = YES;
				GCC_WARN_ABOUT_RETURN_TYPE = YES_ERROR;
				GCC_WARN_UNDECLARED_SELECTOR = YES;
				GCC_WARN_UNINITIALIZED_AUTOS = YES_AGGRESSIVE;
				GCC_WARN_UNUSED_FUNCTION = YES;
				GCC_WARN_UNUSED_VARIABLE = YES;
				IPHONEOS_DEPLOYMENT_TARGET = 8.3;
				MTL_ENABLE_DEBUG_INFO = YES;
				ONLY_ACTIVE_ARCH = YES;
				SDKROOT = iphoneos;
			};
			name = Debug;
		};
		608C02201C79077200159E53 /* Release */ = {
			isa = XCBuildConfiguration;
			buildSettings = {
				ALWAYS_SEARCH_USER_PATHS = NO;
				CLANG_CXX_LANGUAGE_STANDARD = "gnu++0x";
				CLANG_CXX_LIBRARY = "libc++";
				CLANG_ENABLE_MODULES = YES;
				CLANG_ENABLE_OBJC_ARC = YES;
				CLANG_WARN_BOOL_CONVERSION = YES;
				CLANG_WARN_CONSTANT_CONVERSION = YES;
				CLANG_WARN_DIRECT_OBJC_ISA_USAGE = YES_ERROR;
				CLANG_WARN_EMPTY_BODY = YES;
				CLANG_WARN_ENUM_CONVERSION = YES;
				CLANG_WARN_INT_CONVERSION = YES;
				CLANG_WARN_OBJC_ROOT_CLASS = YES_ERROR;
				CLANG_WARN_UNREACHABLE_CODE = YES;
				CLANG_WARN__DUPLICATE_METHOD_MATCH = YES;
				"CODE_SIGN_IDENTITY[sdk=iphoneos*]" = "iPhone Developer";
				COPY_PHASE_STRIP = NO;
				DEBUG_INFORMATION_FORMAT = "dwarf-with-dsym";
				ENABLE_NS_ASSERTIONS = NO;
				ENABLE_STRICT_OBJC_MSGSEND = YES;
				GCC_C_LANGUAGE_STANDARD = gnu99;
				GCC_NO_COMMON_BLOCKS = YES;
				GCC_WARN_64_TO_32_BIT_CONVERSION = YES;
				GCC_WARN_ABOUT_RETURN_TYPE = YES_ERROR;
				GCC_WARN_UNDECLARED_SELECTOR = YES;
				GCC_WARN_UNINITIALIZED_AUTOS = YES_AGGRESSIVE;
				GCC_WARN_UNUSED_FUNCTION = YES;
				GCC_WARN_UNUSED_VARIABLE = YES;
				IPHONEOS_DEPLOYMENT_TARGET = 8.3;
				MTL_ENABLE_DEBUG_INFO = NO;
				SDKROOT = iphoneos;
				VALIDATE_PRODUCT = YES;
			};
			name = Release;
		};
		608C02221C79077200159E53 /* Debug */ = {
			isa = XCBuildConfiguration;
			buildSettings = {
				ASSETCATALOG_COMPILER_APPICON_NAME = AppIcon;
				FRAMEWORK_SEARCH_PATHS = (
					"$(inherited)",
					"$(PROJECT_DIR)",
				);
				INFOPLIST_FILE = Woodshed/Info.plist;
				LD_RUNPATH_SEARCH_PATHS = "$(inherited) @executable_path/Frameworks";
				PRODUCT_NAME = "$(TARGET_NAME)";
			};
			name = Debug;
		};
		608C02231C79077200159E53 /* Release */ = {
			isa = XCBuildConfiguration;
			buildSettings = {
				ASSETCATALOG_COMPILER_APPICON_NAME = AppIcon;
				FRAMEWORK_SEARCH_PATHS = (
					"$(inherited)",
					"$(PROJECT_DIR)",
				);
				INFOPLIST_FILE = Woodshed/Info.plist;
				LD_RUNPATH_SEARCH_PATHS = "$(inherited) @executable_path/Frameworks";
				PRODUCT_NAME = "$(TARGET_NAME)";
			};
			name = Release;
		};
		608C02251C79077200159E53 /* Debug */ = {
			isa = XCBuildConfiguration;
			buildSettings = {
				BUNDLE_LOADER = "$(TEST_HOST)";
				FRAMEWORK_SEARCH_PATHS = (
					"$(SDKROOT)/Developer/Library/Frameworks",
					"$(inherited)",
				);
				GCC_PREPROCESSOR_DEFINITIONS = (
					"DEBUG=1",
					"$(inherited)",
				);
				INFOPLIST_FILE = WoodshedTests/Info.plist;
				LD_RUNPATH_SEARCH_PATHS = "$(inherited) @executable_path/Frameworks @loader_path/Frameworks";
				PRODUCT_NAME = "$(TARGET_NAME)";
				TEST_HOST = "$(BUILT_PRODUCTS_DIR)/Woodshed.app/Woodshed";
			};
			name = Debug;
		};
		608C02261C79077200159E53 /* Release */ = {
			isa = XCBuildConfiguration;
			buildSettings = {
				BUNDLE_LOADER = "$(TEST_HOST)";
				FRAMEWORK_SEARCH_PATHS = (
					"$(SDKROOT)/Developer/Library/Frameworks",
					"$(inherited)",
				);
				INFOPLIST_FILE = WoodshedTests/Info.plist;
				LD_RUNPATH_SEARCH_PATHS = "$(inherited) @executable_path/Frameworks @loader_path/Frameworks";
				PRODUCT_NAME = "$(TARGET_NAME)";
				TEST_HOST = "$(BUILT_PRODUCTS_DIR)/Woodshed.app/Woodshed";
			};
			name = Release;
		};
/* End XCBuildConfiguration section */

/* Begin XCConfigurationList section */
		608C01F91C79077200159E53 /* Build configuration list for PBXProject "Woodshed" */ = {
			isa = XCConfigurationList;
			buildConfigurations = (
				608C021F1C79077200159E53 /* Debug */,
				608C02201C79077200159E53 /* Release */,
			);
			defaultConfigurationIsVisible = 0;
			defaultConfigurationName = Release;
		};
		608C02211C79077200159E53 /* Build configuration list for PBXNativeTarget "Woodshed" */ = {
			isa = XCConfigurationList;
			buildConfigurations = (
				608C02221C79077200159E53 /* Debug */,
				608C02231C79077200159E53 /* Release */,
			);
			defaultConfigurationIsVisible = 0;
			defaultConfigurationName = Release;
		};
		608C02241C79077200159E53 /* Build configuration list for PBXNativeTarget "WoodshedTests" */ = {
			isa = XCConfigurationList;
			buildConfigurations = (
				608C02251C79077200159E53 /* Debug */,
				608C02261C79077200159E53 /* Release */,
			);
			defaultConfigurationIsVisible = 0;
			defaultConfigurationName = Release;
		};
/* End XCConfigurationList section */
	};
	rootObject = 608C01F61C79077200159E53 /* Project object */;
}
